// !$*UTF8*$!
{
	archiveVersion = 1;
	classes = {
	};
	objectVersion = 46;
	objects = {

/* Begin PBXBuildFile section */
		9683DAA11C7D6A40000C317F /* main.m in Sources */ = {isa = PBXBuildFile; fileRef = 9683DAA01C7D6A40000C317F /* main.m */; };
		9683DAA41C7D6A40000C317F /* AppDelegate.m in Sources */ = {isa = PBXBuildFile; fileRef = 9683DAA31C7D6A40000C317F /* AppDelegate.m */; };
		9683DAAA1C7D6A40000C317F /* Main.storyboard in Resources */ = {isa = PBXBuildFile; fileRef = 9683DAA81C7D6A40000C317F /* Main.storyboard */; };
		9683DAAC1C7D6A40000C317F /* Assets.xcassets in Resources */ = {isa = PBXBuildFile; fileRef = 9683DAAB1C7D6A40000C317F /* Assets.xcassets */; };
		9683DAAF1C7D6A40000C317F /* LaunchScreen.storyboard in Resources */ = {isa = PBXBuildFile; fileRef = 9683DAAD1C7D6A40000C317F /* LaunchScreen.storyboard */; };
		9683DAB81C7D6AAE000C317F /* MTRRouteTableViewController.m in Sources */ = {isa = PBXBuildFile; fileRef = 9683DAB71C7D6AAE000C317F /* MTRRouteTableViewController.m */; };
		9683DABE1C7D7499000C317F /* Route.m in Sources */ = {isa = PBXBuildFile; fileRef = 9683DABD1C7D7499000C317F /* Route.m */; };
		9683DAC51C7D96AD000C317F /* MTRMapViewController.m in Sources */ = {isa = PBXBuildFile; fileRef = 9683DAC41C7D96AD000C317F /* MTRMapViewController.m */; };
		9683DAC71C7D9B1C000C317F /* MapKit.framework in Frameworks */ = {isa = PBXBuildFile; fileRef = 9683DAC61C7D9B1C000C317F /* MapKit.framework */; };
		9683DACA1C7DA1B9000C317F /* MTRRouteTableViewCell.m in Sources */ = {isa = PBXBuildFile; fileRef = 9683DAC91C7DA1B9000C317F /* MTRRouteTableViewCell.m */; };
		9683DAD11C7E08AA000C317F /* Localizable.strings in Resources */ = {isa = PBXBuildFile; fileRef = 9683DAD01C7E08AA000C317F /* Localizable.strings */; };
		9683DAD41C7E0CC4000C317F /* Vehicle.m in Sources */ = {isa = PBXBuildFile; fileRef = 9683DAD31C7E0CC4000C317F /* Vehicle.m */; };
/* End PBXBuildFile section */

/* Begin PBXFileReference section */
		9683DA9C1C7D6A40000C317F /* metro.app */ = {isa = PBXFileReference; explicitFileType = wrapper.application; includeInIndex = 0; path = metro.app; sourceTree = BUILT_PRODUCTS_DIR; };
		9683DAA01C7D6A40000C317F /* main.m */ = {isa = PBXFileReference; lastKnownFileType = sourcecode.c.objc; path = main.m; sourceTree = "<group>"; };
		9683DAA21C7D6A40000C317F /* AppDelegate.h */ = {isa = PBXFileReference; lastKnownFileType = sourcecode.c.h; path = AppDelegate.h; sourceTree = "<group>"; };
		9683DAA31C7D6A40000C317F /* AppDelegate.m */ = {isa = PBXFileReference; lastKnownFileType = sourcecode.c.objc; path = AppDelegate.m; sourceTree = "<group>"; };
		9683DAA91C7D6A40000C317F /* Base */ = {isa = PBXFileReference; lastKnownFileType = file.storyboard; name = Base; path = Base.lproj/Main.storyboard; sourceTree = "<group>"; };
		9683DAAB1C7D6A40000C317F /* Assets.xcassets */ = {isa = PBXFileReference; lastKnownFileType = folder.assetcatalog; path = Assets.xcassets; sourceTree = "<group>"; };
		9683DAAE1C7D6A40000C317F /* Base */ = {isa = PBXFileReference; lastKnownFileType = file.storyboard; name = Base; path = Base.lproj/LaunchScreen.storyboard; sourceTree = "<group>"; };
		9683DAB01C7D6A40000C317F /* Info.plist */ = {isa = PBXFileReference; lastKnownFileType = text.plist.xml; path = Info.plist; sourceTree = "<group>"; };
		9683DAB61C7D6AAE000C317F /* MTRRouteTableViewController.h */ = {isa = PBXFileReference; fileEncoding = 4; lastKnownFileType = sourcecode.c.h; path = MTRRouteTableViewController.h; sourceTree = "<group>"; };
		9683DAB71C7D6AAE000C317F /* MTRRouteTableViewController.m */ = {isa = PBXFileReference; fileEncoding = 4; lastKnownFileType = sourcecode.c.objc; path = MTRRouteTableViewController.m; sourceTree = "<group>"; };
		9683DABC1C7D7499000C317F /* Route.h */ = {isa = PBXFileReference; fileEncoding = 4; lastKnownFileType = sourcecode.c.h; path = Route.h; sourceTree = "<group>"; };
		9683DABD1C7D7499000C317F /* Route.m */ = {isa = PBXFileReference; fileEncoding = 4; lastKnownFileType = sourcecode.c.objc; path = Route.m; sourceTree = "<group>"; };
		9683DABF1C7D8DA6000C317F /* MTRConstants.h */ = {isa = PBXFileReference; lastKnownFileType = sourcecode.c.h; path = MTRConstants.h; sourceTree = "<group>"; };
		9683DAC31C7D96AD000C317F /* MTRMapViewController.h */ = {isa = PBXFileReference; fileEncoding = 4; lastKnownFileType = sourcecode.c.h; path = MTRMapViewController.h; sourceTree = "<group>"; };
		9683DAC41C7D96AD000C317F /* MTRMapViewController.m */ = {isa = PBXFileReference; fileEncoding = 4; lastKnownFileType = sourcecode.c.objc; path = MTRMapViewController.m; sourceTree = "<group>"; };
		9683DAC61C7D9B1C000C317F /* MapKit.framework */ = {isa = PBXFileReference; lastKnownFileType = wrapper.framework; name = MapKit.framework; path = System/Library/Frameworks/MapKit.framework; sourceTree = SDKROOT; };
		9683DAC81C7DA1B9000C317F /* MTRRouteTableViewCell.h */ = {isa = PBXFileReference; fileEncoding = 4; lastKnownFileType = sourcecode.c.h; path = MTRRouteTableViewCell.h; sourceTree = "<group>"; };
		9683DAC91C7DA1B9000C317F /* MTRRouteTableViewCell.m */ = {isa = PBXFileReference; fileEncoding = 4; lastKnownFileType = sourcecode.c.objc; path = MTRRouteTableViewCell.m; sourceTree = "<group>"; };
		9683DAD01C7E08AA000C317F /* Localizable.strings */ = {isa = PBXFileReference; fileEncoding = 4; lastKnownFileType = text.plist.strings; path = Localizable.strings; sourceTree = "<group>"; };
		9683DAD21C7E0CC4000C317F /* Vehicle.h */ = {isa = PBXFileReference; fileEncoding = 4; lastKnownFileType = sourcecode.c.h; path = Vehicle.h; sourceTree = "<group>"; };
		9683DAD31C7E0CC4000C317F /* Vehicle.m */ = {isa = PBXFileReference; fileEncoding = 4; lastKnownFileType = sourcecode.c.objc; path = Vehicle.m; sourceTree = "<group>"; };
/* End PBXFileReference section */

/* Begin PBXFrameworksBuildPhase section */
		9683DA991C7D6A40000C317F /* Frameworks */ = {
			isa = PBXFrameworksBuildPhase;
			buildActionMask = 2147483647;
			files = (
				9683DAC71C7D9B1C000C317F /* MapKit.framework in Frameworks */,
			);
			runOnlyForDeploymentPostprocessing = 0;
		};
/* End PBXFrameworksBuildPhase section */

/* Begin PBXGroup section */
		9683DA931C7D6A40000C317F = {
			isa = PBXGroup;
			children = (
				9683DAC61C7D9B1C000C317F /* MapKit.framework */,
				9683DA9E1C7D6A40000C317F /* metro */,
				9683DA9D1C7D6A40000C317F /* Products */,
			);
			sourceTree = "<group>";
		};
		9683DA9D1C7D6A40000C317F /* Products */ = {
			isa = PBXGroup;
			children = (
				9683DA9C1C7D6A40000C317F /* metro.app */,
			);
			name = Products;
			sourceTree = "<group>";
		};
		9683DA9E1C7D6A40000C317F /* metro */ = {
			isa = PBXGroup;
			children = (
				9683DACD1C7E082E000C317F /* Common */,
				9683DACE1C7E0841000C317F /* Model */,
				9683DACF1C7E0860000C317F /* StoryBoards */,
				9683DACB1C7E07F4000C317F /* ViewControllers */,
				9683DACC1C7E081C000C317F /* Views */,
				9683DA9F1C7D6A40000C317F /* Supporting Files */,
			);
			path = metro;
			sourceTree = "<group>";
		};
		9683DA9F1C7D6A40000C317F /* Supporting Files */ = {
			isa = PBXGroup;
			children = (
				9683DAA01C7D6A40000C317F /* main.m */,
			);
			name = "Supporting Files";
			sourceTree = "<group>";
		};
		9683DACB1C7E07F4000C317F /* ViewControllers */ = {
			isa = PBXGroup;
			children = (
				9683DAB61C7D6AAE000C317F /* MTRRouteTableViewController.h */,
				9683DAB71C7D6AAE000C317F /* MTRRouteTableViewController.m */,
				9683DAC31C7D96AD000C317F /* MTRMapViewController.h */,
				9683DAC41C7D96AD000C317F /* MTRMapViewController.m */,
			);
			name = ViewControllers;
			sourceTree = "<group>";
		};
		9683DACC1C7E081C000C317F /* Views */ = {
			isa = PBXGroup;
			children = (
				9683DAC81C7DA1B9000C317F /* MTRRouteTableViewCell.h */,
				9683DAC91C7DA1B9000C317F /* MTRRouteTableViewCell.m */,
			);
			name = Views;
			sourceTree = "<group>";
		};
		9683DACD1C7E082E000C317F /* Common */ = {
			isa = PBXGroup;
			children = (
				9683DAB01C7D6A40000C317F /* Info.plist */,
				9683DAAB1C7D6A40000C317F /* Assets.xcassets */,
				9683DAA21C7D6A40000C317F /* AppDelegate.h */,
				9683DAA31C7D6A40000C317F /* AppDelegate.m */,
				9683DABF1C7D8DA6000C317F /* MTRConstants.h */,
				9683DAD01C7E08AA000C317F /* Localizable.strings */,
			);
			name = Common;
			sourceTree = "<group>";
		};
		9683DACE1C7E0841000C317F /* Model */ = {
			isa = PBXGroup;
			children = (
				9683DABC1C7D7499000C317F /* Route.h */,
				9683DABD1C7D7499000C317F /* Route.m */,
				9683DAD21C7E0CC4000C317F /* Vehicle.h */,
				9683DAD31C7E0CC4000C317F /* Vehicle.m */,
			);
			name = Model;
			sourceTree = "<group>";
		};
		9683DACF1C7E0860000C317F /* StoryBoards */ = {
			isa = PBXGroup;
			children = (
				9683DAA81C7D6A40000C317F /* Main.storyboard */,
				9683DAAD1C7D6A40000C317F /* LaunchScreen.storyboard */,
			);
			name = StoryBoards;
			sourceTree = "<group>";
		};
/* End PBXGroup section */

/* Begin PBXNativeTarget section */
		9683DA9B1C7D6A40000C317F /* metro */ = {
			isa = PBXNativeTarget;
			buildConfigurationList = 9683DAB31C7D6A40000C317F /* Build configuration list for PBXNativeTarget "metro" */;
			buildPhases = (
				9683DA981C7D6A40000C317F /* Sources */,
				9683DA991C7D6A40000C317F /* Frameworks */,
				9683DA9A1C7D6A40000C317F /* Resources */,
			);
			buildRules = (
			);
			dependencies = (
			);
			name = metro;
			productName = metro;
			productReference = 9683DA9C1C7D6A40000C317F /* metro.app */;
			productType = "com.apple.product-type.application";
		};
/* End PBXNativeTarget section */

/* Begin PBXProject section */
		9683DA941C7D6A40000C317F /* Project object */ = {
			isa = PBXProject;
			attributes = {
				LastUpgradeCheck = 0720;
				ORGANIZATIONNAME = josh;
				TargetAttributes = {
					9683DA9B1C7D6A40000C317F = {
						CreatedOnToolsVersion = 7.2.1;
					};
				};
			};
			buildConfigurationList = 9683DA971C7D6A40000C317F /* Build configuration list for PBXProject "metro" */;
			compatibilityVersion = "Xcode 3.2";
			developmentRegion = English;
			hasScannedForEncodings = 0;
			knownRegions = (
				en,
				Base,
			);
			mainGroup = 9683DA931C7D6A40000C317F;
			productRefGroup = 9683DA9D1C7D6A40000C317F /* Products */;
			projectDirPath = "";
			projectRoot = "";
			targets = (
				9683DA9B1C7D6A40000C317F /* metro */,
			);
		};
/* End PBXProject section */

/* Begin PBXResourcesBuildPhase section */
		9683DA9A1C7D6A40000C317F /* Resources */ = {
			isa = PBXResourcesBuildPhase;
			buildActionMask = 2147483647;
			files = (
				9683DAAF1C7D6A40000C317F /* LaunchScreen.storyboard in Resources */,
				9683DAAC1C7D6A40000C317F /* Assets.xcassets in Resources */,
				9683DAAA1C7D6A40000C317F /* Main.storyboard in Resources */,
				9683DAD11C7E08AA000C317F /* Localizable.strings in Resources */,
			);
			runOnlyForDeploymentPostprocessing = 0;
		};
/* End PBXResourcesBuildPhase section */

/* Begin PBXSourcesBuildPhase section */
		9683DA981C7D6A40000C317F /* Sources */ = {
			isa = PBXSourcesBuildPhase;
			buildActionMask = 2147483647;
			files = (
				9683DAB81C7D6AAE000C317F /* MTRRouteTableViewController.m in Sources */,
				9683DABE1C7D7499000C317F /* Route.m in Sources */,
				9683DAA41C7D6A40000C317F /* AppDelegate.m in Sources */,
				9683DACA1C7DA1B9000C317F /* MTRRouteTableViewCell.m in Sources */,
				9683DAD41C7E0CC4000C317F /* Vehicle.m in Sources */,
				9683DAC51C7D96AD000C317F /* MTRMapViewController.m in Sources */,
				9683DAA11C7D6A40000C317F /* main.m in Sources */,
			);
			runOnlyForDeploymentPostprocessing = 0;
		};
/* End PBXSourcesBuildPhase section */

/* Begin PBXVariantGroup section */
		9683DAA81C7D6A40000C317F /* Main.storyboard */ = {
			isa = PBXVariantGroup;
			children = (
				9683DAA91C7D6A40000C317F /* Base */,
			);
			name = Main.storyboard;
			sourceTree = "<group>";
		};
		9683DAAD1C7D6A40000C317F /* LaunchScreen.storyboard */ = {
			isa = PBXVariantGroup;
			children = (
				9683DAAE1C7D6A40000C317F /* Base */,
			);
			name = LaunchScreen.storyboard;
			sourceTree = "<group>";
		};
/* End PBXVariantGroup section */

/* Begin XCBuildConfiguration section */
		9683DAB11C7D6A40000C317F /* Debug */ = {
			isa = XCBuildConfiguration;
			buildSettings = {
				ALWAYS_SEARCH_USER_PATHS = NO;
				CLANG_CXX_LANGUAGE_STANDARD = "gnu++0x";
				CLANG_CXX_LIBRARY = "libc++";
				CLANG_ENABLE_MODULES = YES;
				CLANG_ENABLE_OBJC_ARC = YES;
				CLANG_WARN_BOOL_CONVERSION = YES;
				CLANG_WARN_CONSTANT_CONVERSION = YES;
				CLANG_WARN_DIRECT_OBJC_ISA_USAGE = YES_ERROR;
				CLANG_WARN_EMPTY_BODY = YES;
				CLANG_WARN_ENUM_CONVERSION = YES;
				CLANG_WARN_INT_CONVERSION = YES;
				CLANG_WARN_OBJC_ROOT_CLASS = YES_ERROR;
				CLANG_WARN_UNREACHABLE_CODE = YES;
				CLANG_WARN__DUPLICATE_METHOD_MATCH = YES;
				"CODE_SIGN_IDENTITY[sdk=iphoneos*]" = "iPhone Developer";
				COPY_PHASE_STRIP = NO;
				DEBUG_INFORMATION_FORMAT = dwarf;
				ENABLE_STRICT_OBJC_MSGSEND = YES;
				ENABLE_TESTABILITY = YES;
				GCC_C_LANGUAGE_STANDARD = gnu99;
				GCC_DYNAMIC_NO_PIC = NO;
				GCC_NO_COMMON_BLOCKS = YES;
				GCC_OPTIMIZATION_LEVEL = 0;
				GCC_PREPROCESSOR_DEFINITIONS = (
					"DEBUG=1",
					"$(inherited)",
				);
				GCC_WARN_64_TO_32_BIT_CONVERSION = YES;
				GCC_WARN_ABOUT_RETURN_TYPE = YES_ERROR;
				GCC_WARN_UNDECLARED_SELECTOR = YES;
				GCC_WARN_UNINITIALIZED_AUTOS = YES_AGGRESSIVE;
				GCC_WARN_UNUSED_FUNCTION = YES;
				GCC_WARN_UNUSED_VARIABLE = YES;
				IPHONEOS_DEPLOYMENT_TARGET = 9.2;
				MTL_ENABLE_DEBUG_INFO = YES;
				ONLY_ACTIVE_ARCH = YES;
				SDKROOT = iphoneos;
			};
			name = Debug;
		};
		9683DAB21C7D6A40000C317F /* Release */ = {
			isa = XCBuildConfiguration;
			buildSettings = {
				ALWAYS_SEARCH_USER_PATHS = NO;
				CLANG_CXX_LANGUAGE_STANDARD = "gnu++0x";
				CLANG_CXX_LIBRARY = "libc++";
				CLANG_ENABLE_MODULES = YES;
				CLANG_ENABLE_OBJC_ARC = YES;
				CLANG_WARN_BOOL_CONVERSION = YES;
				CLANG_WARN_CONSTANT_CONVERSION = YES;
				CLANG_WARN_DIRECT_OBJC_ISA_USAGE = YES_ERROR;
				CLANG_WARN_EMPTY_BODY = YES;
				CLANG_WARN_ENUM_CONVERSION = YES;
				CLANG_WARN_INT_CONVERSION = YES;
				CLANG_WARN_OBJC_ROOT_CLASS = YES_ERROR;
				CLANG_WARN_UNREACHABLE_CODE = YES;
				CLANG_WARN__DUPLICATE_METHOD_MATCH = YES;
				"CODE_SIGN_IDENTITY[sdk=iphoneos*]" = "iPhone Developer";
				COPY_PHASE_STRIP = NO;
				DEBUG_INFORMATION_FORMAT = "dwarf-with-dsym";
				ENABLE_NS_ASSERTIONS = NO;
				ENABLE_STRICT_OBJC_MSGSEND = YES;
				GCC_C_LANGUAGE_STANDARD = gnu99;
				GCC_NO_COMMON_BLOCKS = YES;
				GCC_WARN_64_TO_32_BIT_CONVERSION = YES;
				GCC_WARN_ABOUT_RETURN_TYPE = YES_ERROR;
				GCC_WARN_UNDECLARED_SELECTOR = YES;
				GCC_WARN_UNINITIALIZED_AUTOS = YES_AGGRESSIVE;
				GCC_WARN_UNUSED_FUNCTION = YES;
				GCC_WARN_UNUSED_VARIABLE = YES;
				IPHONEOS_DEPLOYMENT_TARGET = 9.2;
				MTL_ENABLE_DEBUG_INFO = NO;
				SDKROOT = iphoneos;
				VALIDATE_PRODUCT = YES;
			};
			name = Release;
		};
		9683DAB41C7D6A40000C317F /* Debug */ = {
			isa = XCBuildConfiguration;
			buildSettings = {
				ASSETCATALOG_COMPILER_APPICON_NAME = AppIcon;
				INFOPLIST_FILE = metro/Info.plist;
				LD_RUNPATH_SEARCH_PATHS = "$(inherited) @executable_path/Frameworks";
				PRODUCT_BUNDLE_IDENTIFIER = com.homann.josh.metro;
				PRODUCT_NAME = "$(TARGET_NAME)";
			};
			name = Debug;
		};
		9683DAB51C7D6A40000C317F /* Release */ = {
			isa = XCBuildConfiguration;
			buildSettings = {
				ASSETCATALOG_COMPILER_APPICON_NAME = AppIcon;
				INFOPLIST_FILE = metro/Info.plist;
				LD_RUNPATH_SEARCH_PATHS = "$(inherited) @executable_path/Frameworks";
				PRODUCT_BUNDLE_IDENTIFIER = com.homann.josh.metro;
				PRODUCT_NAME = "$(TARGET_NAME)";
			};
			name = Release;
		};
/* End XCBuildConfiguration section */

/* Begin XCConfigurationList section */
		9683DA971C7D6A40000C317F /* Build configuration list for PBXProject "metro" */ = {
			isa = XCConfigurationList;
			buildConfigurations = (
				9683DAB11C7D6A40000C317F /* Debug */,
				9683DAB21C7D6A40000C317F /* Release */,
			);
			defaultConfigurationIsVisible = 0;
			defaultConfigurationName = Release;
		};
		9683DAB31C7D6A40000C317F /* Build configuration list for PBXNativeTarget "metro" */ = {
			isa = XCConfigurationList;
			buildConfigurations = (
				9683DAB41C7D6A40000C317F /* Debug */,
				9683DAB51C7D6A40000C317F /* Release */,
			);
			defaultConfigurationIsVisible = 0;
			defaultConfigurationName = Release;
		};
/* End XCConfigurationList section */
	};
	rootObject = 9683DA941C7D6A40000C317F /* Project object */;
}
